
Microsoft Visual Studio Solution File, Format Version 12.00
# Visual Studio Version 17
VisualStudioVersion = 17.14.36518.9 d17.14
MinimumVisualStudioVersion = 10.0.40219.1
Project("{FAE04EC0-301F-11D3-BF4B-00C04F79EFBC}") = "MartenPlayground", "MartenPlayground\MartenPlayground.csproj", "{C7597970-14BD-4E83-A0F1-41A15AD3F5CE}"
EndProject
Global
	GlobalSection(SolutionConfigurationPlatforms) = preSolution
		Debug|Any CPU = Debug|Any CPU
		Release|Any CPU = Release|Any CPU
	EndGlobalSection
	GlobalSection(ProjectConfigurationPlatforms) = postSolution
		{C7597970-14BD-4E83-A0F1-41A15AD3F5CE}.Debug|Any CPU.ActiveCfg = Debug|Any CPU
		{C7597970-14BD-4E83-A0F1-41A15AD3F5CE}.Debug|Any CPU.Build.0 = Debug|Any CPU
		{C7597970-14BD-4E83-A0F1-41A15AD3F5CE}.Release|Any CPU.ActiveCfg = Release|Any CPU
		{C7597970-14BD-4E83-A0F1-41A15AD3F5CE}.Release|Any CPU.Build.0 = Release|Any CPU
	EndGlobalSection
	GlobalSection(SolutionProperties) = preSolution
		HideSolutionNode = FALSE
	EndGlobalSection
	GlobalSection(ExtensibilityGlobals) = postSolution
		SolutionGuid = {DE71F7E7-91B5-4AD6-9C77-093B8FA3EB8D}
	EndGlobalSection
EndGlobal
